dependencies:
- name: frank-console
  repository: file://../frank-console
  version: 0.5.3
- name: postgresql
  repository: https://charts.bitnami.com/bitnami
  version: 16.0.0
digest: sha256:a11be16f7e00c9cf71f89e53c1e19ec700fbd98be6a091f707fbec4db9236388
generated: "2025-11-21T15:57:27.0818111+01:00"
