dependencies:
- name: frank-console
  repository: file://../frank-console
  version: 0.6.0
- name: postgresql
  repository: https://charts.bitnami.com/bitnami
  version: 16.0.0
digest: sha256:e98705ea0041e0c042c429646421458dd4f683f263b019812f95aaa63ff2c5cd
generated: "2025-12-02T11:20:08.1298657+01:00"
